
Microsoft Visual Studio Solution File, Format Version 12.00
# Visual Studio Version 16
VisualStudioVersion = 16.0.30503.244
MinimumVisualStudioVersion = 10.0.40219.1
Project("{FAE04EC0-301F-11D3-BF4B-00C04F79EFBC}") = "BookStore-API", "BookStore-API\BookStore-API.csproj", "{EE4874AD-7F3B-49A5-A548-F55E0757AA0D}"
EndProject
Global
	GlobalSection(SolutionConfigurationPlatforms) = preSolution
		Debug|Any CPU = Debug|Any CPU
		Release|Any CPU = Release|Any CPU
	EndGlobalSection
	GlobalSection(ProjectConfigurationPlatforms) = postSolution
		{EE4874AD-7F3B-49A5-A548-F55E0757AA0D}.Debug|Any CPU.ActiveCfg = Debug|Any CPU
		{EE4874AD-7F3B-49A5-A548-F55E0757AA0D}.Debug|Any CPU.Build.0 = Debug|Any CPU
		{EE4874AD-7F3B-49A5-A548-F55E0757AA0D}.Release|Any CPU.ActiveCfg = Release|Any CPU
		{EE4874AD-7F3B-49A5-A548-F55E0757AA0D}.Release|Any CPU.Build.0 = Release|Any CPU
	EndGlobalSection
	GlobalSection(SolutionProperties) = preSolution
		HideSolutionNode = FALSE
	EndGlobalSection
	GlobalSection(ExtensibilityGlobals) = postSolution
		SolutionGuid = {35198578-0D1D-473D-899F-2BB44B5F55AA}
	EndGlobalSection
EndGlobal
